
Microsoft Visual Studio Solution File, Format Version 12.00
# Visual Studio 15
VisualStudioVersion = 15.0.28307.271
MinimumVisualStudioVersion = 10.0.40219.1
Project("{FAE04EC0-301F-11D3-BF4B-00C04F79EFBC}") = "SQLtoExcel", "SQLtoExcel\SQLtoExcel.csproj", "{B362286D-E95F-4C40-8E1F-82F66BD8305B}"
EndProject
Global
	GlobalSection(SolutionConfigurationPlatforms) = preSolution
		Debug|Any CPU = Debug|Any CPU
		Release|Any CPU = Release|Any CPU
	EndGlobalSection
	GlobalSection(ProjectConfigurationPlatforms) = postSolution
		{B362286D-E95F-4C40-8E1F-82F66BD8305B}.Debug|Any CPU.ActiveCfg = Debug|Any CPU
		{B362286D-E95F-4C40-8E1F-82F66BD8305B}.Debug|Any CPU.Build.0 = Debug|Any CPU
		{B362286D-E95F-4C40-8E1F-82F66BD8305B}.Release|Any CPU.ActiveCfg = Release|Any CPU
		{B362286D-E95F-4C40-8E1F-82F66BD8305B}.Release|Any CPU.Build.0 = Release|Any CPU
	EndGlobalSection
	GlobalSection(SolutionProperties) = preSolution
		HideSolutionNode = FALSE
	EndGlobalSection
	GlobalSection(ExtensibilityGlobals) = postSolution
		SolutionGuid = {ED275C55-6F51-4F53-A58B-2469E16FAF62}
	EndGlobalSection
EndGlobal
